// !$*UTF8*$!
{
	archiveVersion = 1;
	classes = {
	};
	objectVersion = 46;
	objects = {

/* Begin PBXBuildFile section */
		1080677F1376D3CE00FE71BA /* UIKit.framework in Frameworks */ = {isa = PBXBuildFile; fileRef = 1080677E1376D3CE00FE71BA /* UIKit.framework */; };
		108067811376D3CE00FE71BA /* Foundation.framework in Frameworks */ = {isa = PBXBuildFile; fileRef = 108067801376D3CE00FE71BA /* Foundation.framework */; };
		108067831376D3CE00FE71BA /* CoreGraphics.framework in Frameworks */ = {isa = PBXBuildFile; fileRef = 108067821376D3CE00FE71BA /* CoreGraphics.framework */; };
		108067891376D3CE00FE71BA /* InfoPlist.strings in Resources */ = {isa = PBXBuildFile; fileRef = 108067871376D3CE00FE71BA /* InfoPlist.strings */; };
		1080678C1376D3CE00FE71BA /* main.m in Sources */ = {isa = PBXBuildFile; fileRef = 1080678B1376D3CE00FE71BA /* main.m */; };
		1080678F1376D3CE00FE71BA /* SampleAppDelegate.m in Sources */ = {isa = PBXBuildFile; fileRef = 1080678E1376D3CE00FE71BA /* SampleAppDelegate.m */; };
		108067921376D3CE00FE71BA /* MainWindow.xib in Resources */ = {isa = PBXBuildFile; fileRef = 108067901376D3CE00FE71BA /* MainWindow.xib */; };
		108067E41376D44700FE71BA /* NSObject+SBJSON.m in Sources */ = {isa = PBXBuildFile; fileRef = 108067AE1376D44700FE71BA /* NSObject+SBJSON.m */; };
		108067E51376D44700FE71BA /* NSString+SBJSON.m in Sources */ = {isa = PBXBuildFile; fileRef = 108067B01376D44700FE71BA /* NSString+SBJSON.m */; };
		108067E61376D44700FE71BA /* SBJsonBase.m in Sources */ = {isa = PBXBuildFile; fileRef = 108067B21376D44700FE71BA /* SBJsonBase.m */; };
		108067E71376D44700FE71BA /* SBJsonParser.m in Sources */ = {isa = PBXBuildFile; fileRef = 108067B41376D44700FE71BA /* SBJsonParser.m */; };
		108067E81376D44700FE71BA /* SBJsonWriter.m in Sources */ = {isa = PBXBuildFile; fileRef = 108067B61376D44700FE71BA /* SBJsonWriter.m */; };
		108068031376D4DD00FE71BA /* OAuthLoginViewController.m in Sources */ = {isa = PBXBuildFile; fileRef = 108068011376D4DD00FE71BA /* OAuthLoginViewController.m */; };
		108068041376D4DD00FE71BA /* OAuthLoginViewController.xib in Resources */ = {isa = PBXBuildFile; fileRef = 108068021376D4DD00FE71BA /* OAuthLoginViewController.xib */; };
		108068081376D51000FE71BA /* VoiceTableViewController.m in Sources */ = {isa = PBXBuildFile; fileRef = 108068061376D51000FE71BA /* VoiceTableViewController.m */; };
		108068091376D51000FE71BA /* VoiceTableViewController.xib in Resources */ = {isa = PBXBuildFile; fileRef = 108068071376D51000FE71BA /* VoiceTableViewController.xib */; };
		1080680D1376D54500FE71BA /* PhotoTableViewController.m in Sources */ = {isa = PBXBuildFile; fileRef = 1080680B1376D54500FE71BA /* PhotoTableViewController.m */; };
		1080680E1376D54500FE71BA /* PhotoTableViewController.xib in Resources */ = {isa = PBXBuildFile; fileRef = 1080680C1376D54500FE71BA /* PhotoTableViewController.xib */; };
		1099E17C13966D6900993A48 /* MGAlbum.m in Sources */ = {isa = PBXBuildFile; fileRef = 1099E15513966D6900993A48 /* MGAlbum.m */; };
		1099E17D13966D6900993A48 /* MGComment.m in Sources */ = {isa = PBXBuildFile; fileRef = 1099E15713966D6900993A48 /* MGComment.m */; };
		1099E17E13966D6900993A48 /* MGContentBase.m in Sources */ = {isa = PBXBuildFile; fileRef = 1099E15913966D6900993A48 /* MGContentBase.m */; };
		1099E17F13966D6900993A48 /* MGFavorite.m in Sources */ = {isa = PBXBuildFile; fileRef = 1099E15B13966D6900993A48 /* MGFavorite.m */; };
		1099E18013966D6900993A48 /* MGPeople.m in Sources */ = {isa = PBXBuildFile; fileRef = 1099E15D13966D6900993A48 /* MGPeople.m */; };
		1099E18113966D6900993A48 /* MGPhoto.m in Sources */ = {isa = PBXBuildFile; fileRef = 1099E15F13966D6900993A48 /* MGPhoto.m */; };
		1099E18213966D6900993A48 /* MGVoice.m in Sources */ = {isa = PBXBuildFile; fileRef = 1099E16113966D6900993A48 /* MGVoice.m */; };
		1099E18313966D6900993A48 /* MGDiaryClient.m in Sources */ = {isa = PBXBuildFile; fileRef = 1099E16313966D6900993A48 /* MGDiaryClient.m */; };
		1099E18413966D6900993A48 /* MGHttpClient.m in Sources */ = {isa = PBXBuildFile; fileRef = 1099E16513966D6900993A48 /* MGHttpClient.m */; };
		1099E18513966D6900993A48 /* MGPeopleClient.m in Sources */ = {isa = PBXBuildFile; fileRef = 1099E16713966D6900993A48 /* MGPeopleClient.m */; };
		1099E18613966D6900993A48 /* MGPhotoClient.m in Sources */ = {isa = PBXBuildFile; fileRef = 1099E16913966D6900993A48 /* MGPhotoClient.m */; };
		1099E18713966D6900993A48 /* MGVoiceClient.m in Sources */ = {isa = PBXBuildFile; fileRef = 1099E16B13966D6900993A48 /* MGVoiceClient.m */; };
		1099E18813966D6900993A48 /* MGClientBase.m in Sources */ = {isa = PBXBuildFile; fileRef = 1099E16D13966D6900993A48 /* MGClientBase.m */; };
		1099E18913966D6900993A48 /* MGHttpClientManager.m in Sources */ = {isa = PBXBuildFile; fileRef = 1099E16F13966D6900993A48 /* MGHttpClientManager.m */; };
		1099E18A13966D6900993A48 /* MGApiError.m in Sources */ = {isa = PBXBuildFile; fileRef = 1099E15113966D6900993A48 /* MGApiError.m */; };
		1099E18B13966D6900993A48 /* MGOAuthKey.m in Sources */ = {isa = PBXBuildFile; fileRef = 1099E17113966D6900993A48 /* MGOAuthKey.m */; };
		1099E18C13966D6900993A48 /* MGOAuthClient.m in Sources */ = {isa = PBXBuildFile; fileRef = 1099E17313966D6900993A48 /* MGOAuthClient.m */; };
		1099E18D13966D6900993A48 /* MGUserDefaults.m in Sources */ = {isa = PBXBuildFile; fileRef = 1099E17513966D6900993A48 /* MGUserDefaults.m */; };
		1099E18E13966D6900993A48 /* MGUtil.m in Sources */ = {isa = PBXBuildFile; fileRef = 1099E17713966D6900993A48 /* MGUtil.m */; };
		1099E18F13966D6900993A48 /* MGParams.m in Sources */ = {isa = PBXBuildFile; fileRef = 1099E17913966D6900993A48 /* MGParams.m */; };
		1099E19013966D6900993A48 /* NSString+Util.m in Sources */ = {isa = PBXBuildFile; fileRef = 1099E17B13966D6900993A48 /* NSString+Util.m */; };
/* End PBXBuildFile section */

/* Begin PBXFileReference section */
		1080677A1376D3CE00FE71BA /* Sample.app */ = {isa = PBXFileReference; explicitFileType = wrapper.application; includeInIndex = 0; path = Sample.app; sourceTree = BUILT_PRODUCTS_DIR; };
		1080677E1376D3CE00FE71BA /* UIKit.framework */ = {isa = PBXFileReference; lastKnownFileType = wrapper.framework; name = UIKit.framework; path = System/Library/Frameworks/UIKit.framework; sourceTree = SDKROOT; };
		108067801376D3CE00FE71BA /* Foundation.framework */ = {isa = PBXFileReference; lastKnownFileType = wrapper.framework; name = Foundation.framework; path = System/Library/Frameworks/Foundation.framework; sourceTree = SDKROOT; };
		108067821376D3CE00FE71BA /* CoreGraphics.framework */ = {isa = PBXFileReference; lastKnownFileType = wrapper.framework; name = CoreGraphics.framework; path = System/Library/Frameworks/CoreGraphics.framework; sourceTree = SDKROOT; };
		108067861376D3CE00FE71BA /* Sample-Info.plist */ = {isa = PBXFileReference; lastKnownFileType = text.plist.xml; path = "Sample-Info.plist"; sourceTree = "<group>"; };
		108067881376D3CE00FE71BA /* en */ = {isa = PBXFileReference; lastKnownFileType = text.plist.strings; name = en; path = en.lproj/InfoPlist.strings; sourceTree = "<group>"; };
		1080678A1376D3CE00FE71BA /* Sample-Prefix.pch */ = {isa = PBXFileReference; lastKnownFileType = sourcecode.c.h; path = "Sample-Prefix.pch"; sourceTree = "<group>"; };
		1080678B1376D3CE00FE71BA /* main.m */ = {isa = PBXFileReference; lastKnownFileType = sourcecode.c.objc; path = main.m; sourceTree = "<group>"; };
		1080678D1376D3CE00FE71BA /* SampleAppDelegate.h */ = {isa = PBXFileReference; lastKnownFileType = sourcecode.c.h; path = SampleAppDelegate.h; sourceTree = "<group>"; };
		1080678E1376D3CE00FE71BA /* SampleAppDelegate.m */ = {isa = PBXFileReference; lastKnownFileType = sourcecode.c.objc; path = SampleAppDelegate.m; sourceTree = "<group>"; };
		108067911376D3CE00FE71BA /* en */ = {isa = PBXFileReference; lastKnownFileType = file.xib; name = en; path = en.lproj/MainWindow.xib; sourceTree = "<group>"; };
		108067AC1376D44700FE71BA /* JSON.h */ = {isa = PBXFileReference; fileEncoding = 4; lastKnownFileType = sourcecode.c.h; path = JSON.h; sourceTree = "<group>"; };
		108067AD1376D44700FE71BA /* NSObject+SBJSON.h */ = {isa = PBXFileReference; fileEncoding = 4; lastKnownFileType = sourcecode.c.h; path = "NSObject+SBJSON.h"; sourceTree = "<group>"; };
		108067AE1376D44700FE71BA /* NSObject+SBJSON.m */ = {isa = PBXFileReference; fileEncoding = 4; lastKnownFileType = sourcecode.c.objc; path = "NSObject+SBJSON.m"; sourceTree = "<group>"; };
		108067AF1376D44700FE71BA /* NSString+SBJSON.h */ = {isa = PBXFileReference; fileEncoding = 4; lastKnownFileType = sourcecode.c.h; path = "NSString+SBJSON.h"; sourceTree = "<group>"; };
		108067B01376D44700FE71BA /* NSString+SBJSON.m */ = {isa = PBXFileReference; fileEncoding = 4; lastKnownFileType = sourcecode.c.objc; path = "NSString+SBJSON.m"; sourceTree = "<group>"; };
		108067B11376D44700FE71BA /* SBJsonBase.h */ = {isa = PBXFileReference; fileEncoding = 4; lastKnownFileType = sourcecode.c.h; path = SBJsonBase.h; sourceTree = "<group>"; };
		108067B21376D44700FE71BA /* SBJsonBase.m */ = {isa = PBXFileReference; fileEncoding = 4; lastKnownFileType = sourcecode.c.objc; path = SBJsonBase.m; sourceTree = "<group>"; };
		108067B31376D44700FE71BA /* SBJsonParser.h */ = {isa = PBXFileReference; fileEncoding = 4; lastKnownFileType = sourcecode.c.h; path = SBJsonParser.h; sourceTree = "<group>"; };
		108067B41376D44700FE71BA /* SBJsonParser.m */ = {isa = PBXFileReference; fileEncoding = 4; lastKnownFileType = sourcecode.c.objc; path = SBJsonParser.m; sourceTree = "<group>"; };
		108067B51376D44700FE71BA /* SBJsonWriter.h */ = {isa = PBXFileReference; fileEncoding = 4; lastKnownFileType = sourcecode.c.h; path = SBJsonWriter.h; sourceTree = "<group>"; };
		108067B61376D44700FE71BA /* SBJsonWriter.m */ = {isa = PBXFileReference; fileEncoding = 4; lastKnownFileType = sourcecode.c.objc; path = SBJsonWriter.m; sourceTree = "<group>"; };
		108068001376D4DD00FE71BA /* OAuthLoginViewController.h */ = {isa = PBXFileReference; fileEncoding = 4; lastKnownFileType = sourcecode.c.h; path = OAuthLoginViewController.h; sourceTree = "<group>"; };
		108068011376D4DD00FE71BA /* OAuthLoginViewController.m */ = {isa = PBXFileReference; fileEncoding = 4; lastKnownFileType = sourcecode.c.objc; path = OAuthLoginViewController.m; sourceTree = "<group>"; };
		108068021376D4DD00FE71BA /* OAuthLoginViewController.xib */ = {isa = PBXFileReference; fileEncoding = 4; lastKnownFileType = file.xib; path = OAuthLoginViewController.xib; sourceTree = "<group>"; };
		108068051376D51000FE71BA /* VoiceTableViewController.h */ = {isa = PBXFileReference; fileEncoding = 4; lastKnownFileType = sourcecode.c.h; path = VoiceTableViewController.h; sourceTree = "<group>"; };
		108068061376D51000FE71BA /* VoiceTableViewController.m */ = {isa = PBXFileReference; fileEncoding = 4; lastKnownFileType = sourcecode.c.objc; path = VoiceTableViewController.m; sourceTree = "<group>"; };
		108068071376D51000FE71BA /* VoiceTableViewController.xib */ = {isa = PBXFileReference; fileEncoding = 4; lastKnownFileType = file.xib; path = VoiceTableViewController.xib; sourceTree = "<group>"; };
		1080680A1376D54500FE71BA /* PhotoTableViewController.h */ = {isa = PBXFileReference; fileEncoding = 4; lastKnownFileType = sourcecode.c.h; path = PhotoTableViewController.h; sourceTree = "<group>"; };
		1080680B1376D54500FE71BA /* PhotoTableViewController.m */ = {isa = PBXFileReference; fileEncoding = 4; lastKnownFileType = sourcecode.c.objc; path = PhotoTableViewController.m; sourceTree = "<group>"; };
		1080680C1376D54500FE71BA /* PhotoTableViewController.xib */ = {isa = PBXFileReference; fileEncoding = 4; lastKnownFileType = file.xib; path = PhotoTableViewController.xib; sourceTree = "<group>"; };
		1099E14A13966CA900993A48 /* MGHttpClientManager.m */ = {isa = PBXFileReference; lastKnownFileType = sourcecode.c.objc; name = MGHttpClientManager.m; path = ../../../../../../Users/kinukawa/project/iphone/libMixiGraph/libMixiGraph/lib/Client/MGHttpClientManager.m; sourceTree = "<group>"; };
		1099E15013966D6900993A48 /* MGApiError.h */ = {isa = PBXFileReference; fileEncoding = 4; lastKnownFileType = sourcecode.c.h; path = MGApiError.h; sourceTree = "<group>"; };
		1099E15113966D6900993A48 /* MGApiError.m */ = {isa = PBXFileReference; fileEncoding = 4; lastKnownFileType = sourcecode.c.objc; path = MGApiError.m; sourceTree = "<group>"; };
		1099E15413966D6900993A48 /* MGAlbum.h */ = {isa = PBXFileReference; fileEncoding = 4; lastKnownFileType = sourcecode.c.h; path = MGAlbum.h; sourceTree = "<group>"; };
		1099E15513966D6900993A48 /* MGAlbum.m */ = {isa = PBXFileReference; fileEncoding = 4; lastKnownFileType = sourcecode.c.objc; path = MGAlbum.m; sourceTree = "<group>"; };
		1099E15613966D6900993A48 /* MGComment.h */ = {isa = PBXFileReference; fileEncoding = 4; lastKnownFileType = sourcecode.c.h; path = MGComment.h; sourceTree = "<group>"; };
		1099E15713966D6900993A48 /* MGComment.m */ = {isa = PBXFileReference; fileEncoding = 4; lastKnownFileType = sourcecode.c.objc; path = MGComment.m; sourceTree = "<group>"; };
		1099E15813966D6900993A48 /* MGContentBase.h */ = {isa = PBXFileReference; fileEncoding = 4; lastKnownFileType = sourcecode.c.h; path = MGContentBase.h; sourceTree = "<group>"; };
		1099E15913966D6900993A48 /* MGContentBase.m */ = {isa = PBXFileReference; fileEncoding = 4; lastKnownFileType = sourcecode.c.objc; path = MGContentBase.m; sourceTree = "<group>"; };
		1099E15A13966D6900993A48 /* MGFavorite.h */ = {isa = PBXFileReference; fileEncoding = 4; lastKnownFileType = sourcecode.c.h; path = MGFavorite.h; sourceTree = "<group>"; };
		1099E15B13966D6900993A48 /* MGFavorite.m */ = {isa = PBXFileReference; fileEncoding = 4; lastKnownFileType = sourcecode.c.objc; path = MGFavorite.m; sourceTree = "<group>"; };
		1099E15C13966D6900993A48 /* MGPeople.h */ = {isa = PBXFileReference; fileEncoding = 4; lastKnownFileType = sourcecode.c.h; path = MGPeople.h; sourceTree = "<group>"; };
		1099E15D13966D6900993A48 /* MGPeople.m */ = {isa = PBXFileReference; fileEncoding = 4; lastKnownFileType = sourcecode.c.objc; path = MGPeople.m; sourceTree = "<group>"; };
		1099E15E13966D6900993A48 /* MGPhoto.h */ = {isa = PBXFileReference; fileEncoding = 4; lastKnownFileType = sourcecode.c.h; path = MGPhoto.h; sourceTree = "<group>"; };
		1099E15F13966D6900993A48 /* MGPhoto.m */ = {isa = PBXFileReference; fileEncoding = 4; lastKnownFileType = sourcecode.c.objc; path = MGPhoto.m; sourceTree = "<group>"; };
		1099E16013966D6900993A48 /* MGVoice.h */ = {isa = PBXFileReference; fileEncoding = 4; lastKnownFileType = sourcecode.c.h; path = MGVoice.h; sourceTree = "<group>"; };
		1099E16113966D6900993A48 /* MGVoice.m */ = {isa = PBXFileReference; fileEncoding = 4; lastKnownFileType = sourcecode.c.objc; path = MGVoice.m; sourceTree = "<group>"; };
		1099E16213966D6900993A48 /* MGDiaryClient.h */ = {isa = PBXFileReference; fileEncoding = 4; lastKnownFileType = sourcecode.c.h; path = MGDiaryClient.h; sourceTree = "<group>"; };
		1099E16313966D6900993A48 /* MGDiaryClient.m */ = {isa = PBXFileReference; fileEncoding = 4; lastKnownFileType = sourcecode.c.objc; path = MGDiaryClient.m; sourceTree = "<group>"; };
		1099E16413966D6900993A48 /* MGHttpClient.h */ = {isa = PBXFileReference; fileEncoding = 4; lastKnownFileType = sourcecode.c.h; path = MGHttpClient.h; sourceTree = "<group>"; };
		1099E16513966D6900993A48 /* MGHttpClient.m */ = {isa = PBXFileReference; fileEncoding = 4; lastKnownFileType = sourcecode.c.objc; path = MGHttpClient.m; sourceTree = "<group>"; };
		1099E16613966D6900993A48 /* MGPeopleClient.h */ = {isa = PBXFileReference; fileEncoding = 4; lastKnownFileType = sourcecode.c.h; path = MGPeopleClient.h; sourceTree = "<group>"; };
		1099E16713966D6900993A48 /* MGPeopleClient.m */ = {isa = PBXFileReference; fileEncoding = 4; lastKnownFileType = sourcecode.c.objc; path = MGPeopleClient.m; sourceTree = "<group>"; };
		1099E16813966D6900993A48 /* MGPhotoClient.h */ = {isa = PBXFileReference; fileEncoding = 4; lastKnownFileType = sourcecode.c.h; path = MGPhotoClient.h; sourceTree = "<group>"; };
		1099E16913966D6900993A48 /* MGPhotoClient.m */ = {isa = PBXFileReference; fileEncoding = 4; lastKnownFileType = sourcecode.c.objc; path = MGPhotoClient.m; sourceTree = "<group>"; };
		1099E16A13966D6900993A48 /* MGVoiceClient.h */ = {isa = PBXFileReference; fileEncoding = 4; lastKnownFileType = sourcecode.c.h; path = MGVoiceClient.h; sourceTree = "<group>"; };
		1099E16B13966D6900993A48 /* MGVoiceClient.m */ = {isa = PBXFileReference; fileEncoding = 4; lastKnownFileType = sourcecode.c.objc; path = MGVoiceClient.m; sourceTree = "<group>"; };
		1099E16C13966D6900993A48 /* MGClientBase.h */ = {isa = PBXFileReference; fileEncoding = 4; lastKnownFileType = sourcecode.c.h; path = MGClientBase.h; sourceTree = "<group>"; };
		1099E16D13966D6900993A48 /* MGClientBase.m */ = {isa = PBXFileReference; fileEncoding = 4; lastKnownFileType = sourcecode.c.objc; path = MGClientBase.m; sourceTree = "<group>"; };
		1099E16E13966D6900993A48 /* MGHttpClientManager.h */ = {isa = PBXFileReference; fileEncoding = 4; lastKnownFileType = sourcecode.c.h; path = MGHttpClientManager.h; sourceTree = "<group>"; };
		1099E16F13966D6900993A48 /* MGHttpClientManager.m */ = {isa = PBXFileReference; fileEncoding = 4; lastKnownFileType = sourcecode.c.objc; path = MGHttpClientManager.m; sourceTree = "<group>"; };
		1099E17013966D6900993A48 /* MGOAuthKey.h */ = {isa = PBXFileReference; fileEncoding = 4; lastKnownFileType = sourcecode.c.h; path = MGOAuthKey.h; sourceTree = "<group>"; };
		1099E17113966D6900993A48 /* MGOAuthKey.m */ = {isa = PBXFileReference; fileEncoding = 4; lastKnownFileType = sourcecode.c.objc; path = MGOAuthKey.m; sourceTree = "<group>"; };
		1099E17213966D6900993A48 /* MGOAuthClient.h */ = {isa = PBXFileReference; fileEncoding = 4; lastKnownFileType = sourcecode.c.h; path = MGOAuthClient.h; sourceTree = "<group>"; };
		1099E17313966D6900993A48 /* MGOAuthClient.m */ = {isa = PBXFileReference; fileEncoding = 4; lastKnownFileType = sourcecode.c.objc; path = MGOAuthClient.m; sourceTree = "<group>"; };
		1099E17413966D6900993A48 /* MGUserDefaults.h */ = {isa = PBXFileReference; fileEncoding = 4; lastKnownFileType = sourcecode.c.h; path = MGUserDefaults.h; sourceTree = "<group>"; };
		1099E17513966D6900993A48 /* MGUserDefaults.m */ = {isa = PBXFileReference; fileEncoding = 4; lastKnownFileType = sourcecode.c.objc; path = MGUserDefaults.m; sourceTree = "<group>"; };
		1099E17613966D6900993A48 /* MGUtil.h */ = {isa = PBXFileReference; fileEncoding = 4; lastKnownFileType = sourcecode.c.h; path = MGUtil.h; sourceTree = "<group>"; };
		1099E17713966D6900993A48 /* MGUtil.m */ = {isa = PBXFileReference; fileEncoding = 4; lastKnownFileType = sourcecode.c.objc; path = MGUtil.m; sourceTree = "<group>"; };
		1099E17813966D6900993A48 /* MGParams.h */ = {isa = PBXFileReference; fileEncoding = 4; lastKnownFileType = sourcecode.c.h; path = MGParams.h; sourceTree = "<group>"; };
		1099E17913966D6900993A48 /* MGParams.m */ = {isa = PBXFileReference; fileEncoding = 4; lastKnownFileType = sourcecode.c.objc; path = MGParams.m; sourceTree = "<group>"; };
		1099E17A13966D6900993A48 /* NSString+Util.h */ = {isa = PBXFileReference; fileEncoding = 4; lastKnownFileType = sourcecode.c.h; path = "NSString+Util.h"; sourceTree = "<group>"; };
		1099E17B13966D6900993A48 /* NSString+Util.m */ = {isa = PBXFileReference; fileEncoding = 4; lastKnownFileType = sourcecode.c.objc; path = "NSString+Util.m"; sourceTree = "<group>"; };
/* End PBXFileReference section */

/* Begin PBXFrameworksBuildPhase section */
		108067771376D3CE00FE71BA /* Frameworks */ = {
			isa = PBXFrameworksBuildPhase;
			buildActionMask = 2147483647;
			files = (
				1080677F1376D3CE00FE71BA /* UIKit.framework in Frameworks */,
				108067811376D3CE00FE71BA /* Foundation.framework in Frameworks */,
				108067831376D3CE00FE71BA /* CoreGraphics.framework in Frameworks */,
			);
			runOnlyForDeploymentPostprocessing = 0;
		};
/* End PBXFrameworksBuildPhase section */

/* Begin PBXGroup section */
		1080676F1376D3CD00FE71BA = {
			isa = PBXGroup;
			children = (
				1099E14D13966D6900993A48 /* lib */,
				1099E14A13966CA900993A48 /* MGHttpClientManager.m */,
				108067AB1376D44700FE71BA /* JSON */,
				108067841376D3CE00FE71BA /* Sample */,
				1080677D1376D3CE00FE71BA /* Frameworks */,
				1080677B1376D3CE00FE71BA /* Products */,
			);
			sourceTree = "<group>";
		};
		1080677B1376D3CE00FE71BA /* Products */ = {
			isa = PBXGroup;
			children = (
				1080677A1376D3CE00FE71BA /* Sample.app */,
			);
			name = Products;
			sourceTree = "<group>";
		};
		1080677D1376D3CE00FE71BA /* Frameworks */ = {
			isa = PBXGroup;
			children = (
				1080677E1376D3CE00FE71BA /* UIKit.framework */,
				108067801376D3CE00FE71BA /* Foundation.framework */,
				108067821376D3CE00FE71BA /* CoreGraphics.framework */,
			);
			name = Frameworks;
			sourceTree = "<group>";
		};
		108067841376D3CE00FE71BA /* Sample */ = {
			isa = PBXGroup;
			children = (
				108067FF1376D4B500FE71BA /* Photo */,
				108067FE1376D4AB00FE71BA /* Voice */,
				108067FD1376D49A00FE71BA /* OAuthLogin */,
				1080678D1376D3CE00FE71BA /* SampleAppDelegate.h */,
				1080678E1376D3CE00FE71BA /* SampleAppDelegate.m */,
				108067901376D3CE00FE71BA /* MainWindow.xib */,
				108067851376D3CE00FE71BA /* Supporting Files */,
			);
			path = Sample;
			sourceTree = "<group>";
		};
		108067851376D3CE00FE71BA /* Supporting Files */ = {
			isa = PBXGroup;
			children = (
				108067861376D3CE00FE71BA /* Sample-Info.plist */,
				108067871376D3CE00FE71BA /* InfoPlist.strings */,
				1080678A1376D3CE00FE71BA /* Sample-Prefix.pch */,
				1080678B1376D3CE00FE71BA /* main.m */,
			);
			name = "Supporting Files";
			sourceTree = "<group>";
		};
		108067AB1376D44700FE71BA /* JSON */ = {
			isa = PBXGroup;
			children = (
				108067AC1376D44700FE71BA /* JSON.h */,
				108067AD1376D44700FE71BA /* NSObject+SBJSON.h */,
				108067AE1376D44700FE71BA /* NSObject+SBJSON.m */,
				108067AF1376D44700FE71BA /* NSString+SBJSON.h */,
				108067B01376D44700FE71BA /* NSString+SBJSON.m */,
				108067B11376D44700FE71BA /* SBJsonBase.h */,
				108067B21376D44700FE71BA /* SBJsonBase.m */,
				108067B31376D44700FE71BA /* SBJsonParser.h */,
				108067B41376D44700FE71BA /* SBJsonParser.m */,
				108067B51376D44700FE71BA /* SBJsonWriter.h */,
				108067B61376D44700FE71BA /* SBJsonWriter.m */,
			);
			name = JSON;
			path = ../libMixiGraph/JSON;
			sourceTree = "<group>";
		};
		108067FD1376D49A00FE71BA /* OAuthLogin */ = {
			isa = PBXGroup;
			children = (
				108068001376D4DD00FE71BA /* OAuthLoginViewController.h */,
				108068011376D4DD00FE71BA /* OAuthLoginViewController.m */,
				108068021376D4DD00FE71BA /* OAuthLoginViewController.xib */,
			);
			name = OAuthLogin;
			sourceTree = "<group>";
		};
		108067FE1376D4AB00FE71BA /* Voice */ = {
			isa = PBXGroup;
			children = (
				108068051376D51000FE71BA /* VoiceTableViewController.h */,
				108068061376D51000FE71BA /* VoiceTableViewController.m */,
				108068071376D51000FE71BA /* VoiceTableViewController.xib */,
			);
			name = Voice;
			sourceTree = "<group>";
		};
		108067FF1376D4B500FE71BA /* Photo */ = {
			isa = PBXGroup;
			children = (
				1080680A1376D54500FE71BA /* PhotoTableViewController.h */,
				1080680B1376D54500FE71BA /* PhotoTableViewController.m */,
				1080680C1376D54500FE71BA /* PhotoTableViewController.xib */,
			);
			name = Photo;
			sourceTree = "<group>";
		};
		1099E14D13966D6900993A48 /* lib */ = {
			isa = PBXGroup;
			children = (
				1099E14E13966D6900993A48 /* Contents */,
				1099E14F13966D6900993A48 /* Client */,
				1099E15013966D6900993A48 /* MGApiError.h */,
				1099E15113966D6900993A48 /* MGApiError.m */,
				1099E15213966D6900993A48 /* OAuth */,
				1099E15313966D6900993A48 /* Util */,
			);
			name = lib;
			path = ../libMixiGraph/lib;
			sourceTree = "<group>";
		};
		1099E14E13966D6900993A48 /* Contents */ = {
			isa = PBXGroup;
			children = (
				1099E15413966D6900993A48 /* MGAlbum.h */,
				1099E15513966D6900993A48 /* MGAlbum.m */,
				1099E15613966D6900993A48 /* MGComment.h */,
				1099E15713966D6900993A48 /* MGComment.m */,
				1099E15813966D6900993A48 /* MGContentBase.h */,
				1099E15913966D6900993A48 /* MGContentBase.m */,
				1099E15A13966D6900993A48 /* MGFavorite.h */,
				1099E15B13966D6900993A48 /* MGFavorite.m */,
				1099E15C13966D6900993A48 /* MGPeople.h */,
				1099E15D13966D6900993A48 /* MGPeople.m */,
				1099E15E13966D6900993A48 /* MGPhoto.h */,
				1099E15F13966D6900993A48 /* MGPhoto.m */,
				1099E16013966D6900993A48 /* MGVoice.h */,
				1099E16113966D6900993A48 /* MGVoice.m */,
			);
			path = Contents;
			sourceTree = "<group>";
		};
		1099E14F13966D6900993A48 /* Client */ = {
			isa = PBXGroup;
			children = (
				1099E16213966D6900993A48 /* MGDiaryClient.h */,
				1099E16313966D6900993A48 /* MGDiaryClient.m */,
				1099E16413966D6900993A48 /* MGHttpClient.h */,
				1099E16513966D6900993A48 /* MGHttpClient.m */,
				1099E16613966D6900993A48 /* MGPeopleClient.h */,
				1099E16713966D6900993A48 /* MGPeopleClient.m */,
				1099E16813966D6900993A48 /* MGPhotoClient.h */,
				1099E16913966D6900993A48 /* MGPhotoClient.m */,
				1099E16A13966D6900993A48 /* MGVoiceClient.h */,
				1099E16B13966D6900993A48 /* MGVoiceClient.m */,
				1099E16C13966D6900993A48 /* MGClientBase.h */,
				1099E16D13966D6900993A48 /* MGClientBase.m */,
				1099E16E13966D6900993A48 /* MGHttpClientManager.h */,
				1099E16F13966D6900993A48 /* MGHttpClientManager.m */,
			);
			path = Client;
			sourceTree = "<group>";
		};
		1099E15213966D6900993A48 /* OAuth */ = {
			isa = PBXGroup;
			children = (
				1099E17013966D6900993A48 /* MGOAuthKey.h */,
				1099E17113966D6900993A48 /* MGOAuthKey.m */,
				1099E17213966D6900993A48 /* MGOAuthClient.h */,
				1099E17313966D6900993A48 /* MGOAuthClient.m */,
			);
			path = OAuth;
			sourceTree = "<group>";
		};
		1099E15313966D6900993A48 /* Util */ = {
			isa = PBXGroup;
			children = (
				1099E17413966D6900993A48 /* MGUserDefaults.h */,
				1099E17513966D6900993A48 /* MGUserDefaults.m */,
				1099E17613966D6900993A48 /* MGUtil.h */,
				1099E17713966D6900993A48 /* MGUtil.m */,
				1099E17813966D6900993A48 /* MGParams.h */,
				1099E17913966D6900993A48 /* MGParams.m */,
				1099E17A13966D6900993A48 /* NSString+Util.h */,
				1099E17B13966D6900993A48 /* NSString+Util.m */,
			);
			path = Util;
			sourceTree = "<group>";
		};
/* End PBXGroup section */

/* Begin PBXNativeTarget section */
		108067791376D3CE00FE71BA /* Sample */ = {
			isa = PBXNativeTarget;
			buildConfigurationList = 108067A11376D3CE00FE71BA /* Build configuration list for PBXNativeTarget "Sample" */;
			buildPhases = (
				108067761376D3CE00FE71BA /* Sources */,
				108067771376D3CE00FE71BA /* Frameworks */,
				108067781376D3CE00FE71BA /* Resources */,
			);
			buildRules = (
			);
			dependencies = (
			);
			name = Sample;
			productName = Sample;
			productReference = 1080677A1376D3CE00FE71BA /* Sample.app */;
			productType = "com.apple.product-type.application";
		};
/* End PBXNativeTarget section */

/* Begin PBXProject section */
		108067711376D3CD00FE71BA /* Project object */ = {
			isa = PBXProject;
			buildConfigurationList = 108067741376D3CD00FE71BA /* Build configuration list for PBXProject "Sample" */;
			compatibilityVersion = "Xcode 3.2";
			developmentRegion = English;
			hasScannedForEncodings = 0;
			knownRegions = (
				en,
			);
			mainGroup = 1080676F1376D3CD00FE71BA;
			productRefGroup = 1080677B1376D3CE00FE71BA /* Products */;
			projectDirPath = "";
			projectRoot = "";
			targets = (
				108067791376D3CE00FE71BA /* Sample */,
			);
		};
/* End PBXProject section */

/* Begin PBXResourcesBuildPhase section */
		108067781376D3CE00FE71BA /* Resources */ = {
			isa = PBXResourcesBuildPhase;
			buildActionMask = 2147483647;
			files = (
				108067891376D3CE00FE71BA /* InfoPlist.strings in Resources */,
				108067921376D3CE00FE71BA /* MainWindow.xib in Resources */,
				108068041376D4DD00FE71BA /* OAuthLoginViewController.xib in Resources */,
				108068091376D51000FE71BA /* VoiceTableViewController.xib in Resources */,
				1080680E1376D54500FE71BA /* PhotoTableViewController.xib in Resources */,
			);
			runOnlyForDeploymentPostprocessing = 0;
		};
/* End PBXResourcesBuildPhase section */

/* Begin PBXSourcesBuildPhase section */
		108067761376D3CE00FE71BA /* Sources */ = {
			isa = PBXSourcesBuildPhase;
			buildActionMask = 2147483647;
			files = (
				1080678C1376D3CE00FE71BA /* main.m in Sources */,
				1080678F1376D3CE00FE71BA /* SampleAppDelegate.m in Sources */,
				108067E41376D44700FE71BA /* NSObject+SBJSON.m in Sources */,
				108067E51376D44700FE71BA /* NSString+SBJSON.m in Sources */,
				108067E61376D44700FE71BA /* SBJsonBase.m in Sources */,
				108067E71376D44700FE71BA /* SBJsonParser.m in Sources */,
				108067E81376D44700FE71BA /* SBJsonWriter.m in Sources */,
				108068031376D4DD00FE71BA /* OAuthLoginViewController.m in Sources */,
				108068081376D51000FE71BA /* VoiceTableViewController.m in Sources */,
				1080680D1376D54500FE71BA /* PhotoTableViewController.m in Sources */,
				1099E17C13966D6900993A48 /* MGAlbum.m in Sources */,
				1099E17D13966D6900993A48 /* MGComment.m in Sources */,
				1099E17E13966D6900993A48 /* MGContentBase.m in Sources */,
				1099E17F13966D6900993A48 /* MGFavorite.m in Sources */,
				1099E18013966D6900993A48 /* MGPeople.m in Sources */,
				1099E18113966D6900993A48 /* MGPhoto.m in Sources */,
				1099E18213966D6900993A48 /* MGVoice.m in Sources */,
				1099E18313966D6900993A48 /* MGDiaryClient.m in Sources */,
				1099E18413966D6900993A48 /* MGHttpClient.m in Sources */,
				1099E18513966D6900993A48 /* MGPeopleClient.m in Sources */,
				1099E18613966D6900993A48 /* MGPhotoClient.m in Sources */,
				1099E18713966D6900993A48 /* MGVoiceClient.m in Sources */,
				1099E18813966D6900993A48 /* MGClientBase.m in Sources */,
				1099E18913966D6900993A48 /* MGHttpClientManager.m in Sources */,
				1099E18A13966D6900993A48 /* MGApiError.m in Sources */,
				1099E18B13966D6900993A48 /* MGOAuthKey.m in Sources */,
				1099E18C13966D6900993A48 /* MGOAuthClient.m in Sources */,
				1099E18D13966D6900993A48 /* MGUserDefaults.m in Sources */,
				1099E18E13966D6900993A48 /* MGUtil.m in Sources */,
				1099E18F13966D6900993A48 /* MGParams.m in Sources */,
				1099E19013966D6900993A48 /* NSString+Util.m in Sources */,
			);
			runOnlyForDeploymentPostprocessing = 0;
		};
/* End PBXSourcesBuildPhase section */

/* Begin PBXVariantGroup section */
		108067871376D3CE00FE71BA /* InfoPlist.strings */ = {
			isa = PBXVariantGroup;
			children = (
				108067881376D3CE00FE71BA /* en */,
			);
			name = InfoPlist.strings;
			sourceTree = "<group>";
		};
		108067901376D3CE00FE71BA /* MainWindow.xib */ = {
			isa = PBXVariantGroup;
			children = (
				108067911376D3CE00FE71BA /* en */,
			);
			name = MainWindow.xib;
			sourceTree = "<group>";
		};
/* End PBXVariantGroup section */

/* Begin XCBuildConfiguration section */
		1080679F1376D3CE00FE71BA /* Debug */ = {
			isa = XCBuildConfiguration;
			buildSettings = {
				ARCHS = "$(ARCHS_STANDARD_32_BIT)";
				"CODE_SIGN_IDENTITY[sdk=iphoneos*]" = "iPhone Developer";
				GCC_C_LANGUAGE_STANDARD = gnu99;
				GCC_OPTIMIZATION_LEVEL = 0;
				GCC_PREPROCESSOR_DEFINITIONS = DEBUG;
				GCC_SYMBOLS_PRIVATE_EXTERN = NO;
				GCC_VERSION = com.apple.compilers.llvmgcc42;
				GCC_WARN_ABOUT_RETURN_TYPE = YES;
				GCC_WARN_UNUSED_VARIABLE = YES;
				IPHONEOS_DEPLOYMENT_TARGET = 4.3;
				SDKROOT = iphoneos;
			};
			name = Debug;
		};
		108067A01376D3CE00FE71BA /* Release */ = {
			isa = XCBuildConfiguration;
			buildSettings = {
				ARCHS = "$(ARCHS_STANDARD_32_BIT)";
				"CODE_SIGN_IDENTITY[sdk=iphoneos*]" = "iPhone Developer";
				GCC_C_LANGUAGE_STANDARD = gnu99;
				GCC_VERSION = com.apple.compilers.llvmgcc42;
				GCC_WARN_ABOUT_RETURN_TYPE = YES;
				GCC_WARN_UNUSED_VARIABLE = YES;
				IPHONEOS_DEPLOYMENT_TARGET = 4.3;
				OTHER_CFLAGS = "-DNS_BLOCK_ASSERTIONS=1";
				SDKROOT = iphoneos;
			};
			name = Release;
		};
		108067A21376D3CE00FE71BA /* Debug */ = {
			isa = XCBuildConfiguration;
			buildSettings = {
				ALWAYS_SEARCH_USER_PATHS = NO;
				COPY_PHASE_STRIP = NO;
				GCC_DYNAMIC_NO_PIC = NO;
				GCC_PRECOMPILE_PREFIX_HEADER = YES;
				GCC_PREFIX_HEADER = "Sample/Sample-Prefix.pch";
				INFOPLIST_FILE = "Sample/Sample-Info.plist";
				PRODUCT_NAME = "$(TARGET_NAME)";
				WRAPPER_EXTENSION = app;
			};
			name = Debug;
		};
		108067A31376D3CE00FE71BA /* Release */ = {
			isa = XCBuildConfiguration;
			buildSettings = {
				ALWAYS_SEARCH_USER_PATHS = NO;
				COPY_PHASE_STRIP = YES;
				GCC_PRECOMPILE_PREFIX_HEADER = YES;
				GCC_PREFIX_HEADER = "Sample/Sample-Prefix.pch";
				INFOPLIST_FILE = "Sample/Sample-Info.plist";
				PRODUCT_NAME = "$(TARGET_NAME)";
				VALIDATE_PRODUCT = YES;
				WRAPPER_EXTENSION = app;
			};
			name = Release;
		};
/* End XCBuildConfiguration section */

/* Begin XCConfigurationList section */
		108067741376D3CD00FE71BA /* Build configuration list for PBXProject "Sample" */ = {
			isa = XCConfigurationList;
			buildConfigurations = (
				1080679F1376D3CE00FE71BA /* Debug */,
				108067A01376D3CE00FE71BA /* Release */,
			);
			defaultConfigurationIsVisible = 0;
			defaultConfigurationName = Release;
		};
		108067A11376D3CE00FE71BA /* Build configuration list for PBXNativeTarget "Sample" */ = {
			isa = XCConfigurationList;
			buildConfigurations = (
				108067A21376D3CE00FE71BA /* Debug */,
				108067A31376D3CE00FE71BA /* Release */,
			);
			defaultConfigurationIsVisible = 0;
			defaultConfigurationName = Release;
		};
/* End XCConfigurationList section */
	};
	rootObject = 108067711376D3CD00FE71BA /* Project object */;
}
