// !$*UTF8*$!
{
	archiveVersion = 1;
	classes = {
	};
	objectVersion = 46;
	objects = {

/* Begin PBXBuildFile section */
		1080677F1376D3CE00FE71BA /* UIKit.framework in Frameworks */ = {isa = PBXBuildFile; fileRef = 1080677E1376D3CE00FE71BA /* UIKit.framework */; };
		108067811376D3CE00FE71BA /* Foundation.framework in Frameworks */ = {isa = PBXBuildFile; fileRef = 108067801376D3CE00FE71BA /* Foundation.framework */; };
		108067831376D3CE00FE71BA /* CoreGraphics.framework in Frameworks */ = {isa = PBXBuildFile; fileRef = 108067821376D3CE00FE71BA /* CoreGraphics.framework */; };
		108067891376D3CE00FE71BA /* InfoPlist.strings in Resources */ = {isa = PBXBuildFile; fileRef = 108067871376D3CE00FE71BA /* InfoPlist.strings */; };
		1080678C1376D3CE00FE71BA /* main.m in Sources */ = {isa = PBXBuildFile; fileRef = 1080678B1376D3CE00FE71BA /* main.m */; };
		1080678F1376D3CE00FE71BA /* SampleAppDelegate.m in Sources */ = {isa = PBXBuildFile; fileRef = 1080678E1376D3CE00FE71BA /* SampleAppDelegate.m */; };
		108067921376D3CE00FE71BA /* MainWindow.xib in Resources */ = {isa = PBXBuildFile; fileRef = 108067901376D3CE00FE71BA /* MainWindow.xib */; };
		108067E41376D44700FE71BA /* NSObject+SBJSON.m in Sources */ = {isa = PBXBuildFile; fileRef = 108067AE1376D44700FE71BA /* NSObject+SBJSON.m */; };
		108067E51376D44700FE71BA /* NSString+SBJSON.m in Sources */ = {isa = PBXBuildFile; fileRef = 108067B01376D44700FE71BA /* NSString+SBJSON.m */; };
		108067E61376D44700FE71BA /* SBJsonBase.m in Sources */ = {isa = PBXBuildFile; fileRef = 108067B21376D44700FE71BA /* SBJsonBase.m */; };
		108067E71376D44700FE71BA /* SBJsonParser.m in Sources */ = {isa = PBXBuildFile; fileRef = 108067B41376D44700FE71BA /* SBJsonParser.m */; };
		108067E81376D44700FE71BA /* SBJsonWriter.m in Sources */ = {isa = PBXBuildFile; fileRef = 108067B61376D44700FE71BA /* SBJsonWriter.m */; };
		108068031376D4DD00FE71BA /* OAuthLoginViewController.m in Sources */ = {isa = PBXBuildFile; fileRef = 108068011376D4DD00FE71BA /* OAuthLoginViewController.m */; };
		108068041376D4DD00FE71BA /* OAuthLoginViewController.xib in Resources */ = {isa = PBXBuildFile; fileRef = 108068021376D4DD00FE71BA /* OAuthLoginViewController.xib */; };
		108068081376D51000FE71BA /* VoiceTableViewController.m in Sources */ = {isa = PBXBuildFile; fileRef = 108068061376D51000FE71BA /* VoiceTableViewController.m */; };
		108068091376D51000FE71BA /* VoiceTableViewController.xib in Resources */ = {isa = PBXBuildFile; fileRef = 108068071376D51000FE71BA /* VoiceTableViewController.xib */; };
		1080680D1376D54500FE71BA /* PhotoTableViewController.m in Sources */ = {isa = PBXBuildFile; fileRef = 1080680B1376D54500FE71BA /* PhotoTableViewController.m */; };
		1080680E1376D54500FE71BA /* PhotoTableViewController.xib in Resources */ = {isa = PBXBuildFile; fileRef = 1080680C1376D54500FE71BA /* PhotoTableViewController.xib */; };
/* End PBXBuildFile section */

/* Begin PBXFileReference section */
		1080677A1376D3CE00FE71BA /* Sample.app */ = {isa = PBXFileReference; explicitFileType = wrapper.application; includeInIndex = 0; path = Sample.app; sourceTree = BUILT_PRODUCTS_DIR; };
		1080677E1376D3CE00FE71BA /* UIKit.framework */ = {isa = PBXFileReference; lastKnownFileType = wrapper.framework; name = UIKit.framework; path = System/Library/Frameworks/UIKit.framework; sourceTree = SDKROOT; };
		108067801376D3CE00FE71BA /* Foundation.framework */ = {isa = PBXFileReference; lastKnownFileType = wrapper.framework; name = Foundation.framework; path = System/Library/Frameworks/Foundation.framework; sourceTree = SDKROOT; };
		108067821376D3CE00FE71BA /* CoreGraphics.framework */ = {isa = PBXFileReference; lastKnownFileType = wrapper.framework; name = CoreGraphics.framework; path = System/Library/Frameworks/CoreGraphics.framework; sourceTree = SDKROOT; };
		108067861376D3CE00FE71BA /* Sample-Info.plist */ = {isa = PBXFileReference; lastKnownFileType = text.plist.xml; path = "Sample-Info.plist"; sourceTree = "<group>"; };
		108067881376D3CE00FE71BA /* en */ = {isa = PBXFileReference; lastKnownFileType = text.plist.strings; name = en; path = en.lproj/InfoPlist.strings; sourceTree = "<group>"; };
		1080678A1376D3CE00FE71BA /* Sample-Prefix.pch */ = {isa = PBXFileReference; lastKnownFileType = sourcecode.c.h; path = "Sample-Prefix.pch"; sourceTree = "<group>"; };
		1080678B1376D3CE00FE71BA /* main.m */ = {isa = PBXFileReference; lastKnownFileType = sourcecode.c.objc; path = main.m; sourceTree = "<group>"; };
		1080678D1376D3CE00FE71BA /* SampleAppDelegate.h */ = {isa = PBXFileReference; lastKnownFileType = sourcecode.c.h; path = SampleAppDelegate.h; sourceTree = "<group>"; };
		1080678E1376D3CE00FE71BA /* SampleAppDelegate.m */ = {isa = PBXFileReference; lastKnownFileType = sourcecode.c.objc; path = SampleAppDelegate.m; sourceTree = "<group>"; };
		108067911376D3CE00FE71BA /* en */ = {isa = PBXFileReference; lastKnownFileType = file.xib; name = en; path = en.lproj/MainWindow.xib; sourceTree = "<group>"; };
		108067AC1376D44700FE71BA /* JSON.h */ = {isa = PBXFileReference; fileEncoding = 4; lastKnownFileType = sourcecode.c.h; path = JSON.h; sourceTree = "<group>"; };
		108067AD1376D44700FE71BA /* NSObject+SBJSON.h */ = {isa = PBXFileReference; fileEncoding = 4; lastKnownFileType = sourcecode.c.h; path = "NSObject+SBJSON.h"; sourceTree = "<group>"; };
		108067AE1376D44700FE71BA /* NSObject+SBJSON.m */ = {isa = PBXFileReference; fileEncoding = 4; lastKnownFileType = sourcecode.c.objc; path = "NSObject+SBJSON.m"; sourceTree = "<group>"; };
		108067AF1376D44700FE71BA /* NSString+SBJSON.h */ = {isa = PBXFileReference; fileEncoding = 4; lastKnownFileType = sourcecode.c.h; path = "NSString+SBJSON.h"; sourceTree = "<group>"; };
		108067B01376D44700FE71BA /* NSString+SBJSON.m */ = {isa = PBXFileReference; fileEncoding = 4; lastKnownFileType = sourcecode.c.objc; path = "NSString+SBJSON.m"; sourceTree = "<group>"; };
		108067B11376D44700FE71BA /* SBJsonBase.h */ = {isa = PBXFileReference; fileEncoding = 4; lastKnownFileType = sourcecode.c.h; path = SBJsonBase.h; sourceTree = "<group>"; };
		108067B21376D44700FE71BA /* SBJsonBase.m */ = {isa = PBXFileReference; fileEncoding = 4; lastKnownFileType = sourcecode.c.objc; path = SBJsonBase.m; sourceTree = "<group>"; };
		108067B31376D44700FE71BA /* SBJsonParser.h */ = {isa = PBXFileReference; fileEncoding = 4; lastKnownFileType = sourcecode.c.h; path = SBJsonParser.h; sourceTree = "<group>"; };
		108067B41376D44700FE71BA /* SBJsonParser.m */ = {isa = PBXFileReference; fileEncoding = 4; lastKnownFileType = sourcecode.c.objc; path = SBJsonParser.m; sourceTree = "<group>"; };
		108067B51376D44700FE71BA /* SBJsonWriter.h */ = {isa = PBXFileReference; fileEncoding = 4; lastKnownFileType = sourcecode.c.h; path = SBJsonWriter.h; sourceTree = "<group>"; };
		108067B61376D44700FE71BA /* SBJsonWriter.m */ = {isa = PBXFileReference; fileEncoding = 4; lastKnownFileType = sourcecode.c.objc; path = SBJsonWriter.m; sourceTree = "<group>"; };
		108068001376D4DD00FE71BA /* OAuthLoginViewController.h */ = {isa = PBXFileReference; fileEncoding = 4; lastKnownFileType = sourcecode.c.h; path = OAuthLoginViewController.h; sourceTree = "<group>"; };
		108068011376D4DD00FE71BA /* OAuthLoginViewController.m */ = {isa = PBXFileReference; fileEncoding = 4; lastKnownFileType = sourcecode.c.objc; path = OAuthLoginViewController.m; sourceTree = "<group>"; };
		108068021376D4DD00FE71BA /* OAuthLoginViewController.xib */ = {isa = PBXFileReference; fileEncoding = 4; lastKnownFileType = file.xib; path = OAuthLoginViewController.xib; sourceTree = "<group>"; };
		108068051376D51000FE71BA /* VoiceTableViewController.h */ = {isa = PBXFileReference; fileEncoding = 4; lastKnownFileType = sourcecode.c.h; path = VoiceTableViewController.h; sourceTree = "<group>"; };
		108068061376D51000FE71BA /* VoiceTableViewController.m */ = {isa = PBXFileReference; fileEncoding = 4; lastKnownFileType = sourcecode.c.objc; path = VoiceTableViewController.m; sourceTree = "<group>"; };
		108068071376D51000FE71BA /* VoiceTableViewController.xib */ = {isa = PBXFileReference; fileEncoding = 4; lastKnownFileType = file.xib; path = VoiceTableViewController.xib; sourceTree = "<group>"; };
		1080680A1376D54500FE71BA /* PhotoTableViewController.h */ = {isa = PBXFileReference; fileEncoding = 4; lastKnownFileType = sourcecode.c.h; path = PhotoTableViewController.h; sourceTree = "<group>"; };
		1080680B1376D54500FE71BA /* PhotoTableViewController.m */ = {isa = PBXFileReference; fileEncoding = 4; lastKnownFileType = sourcecode.c.objc; path = PhotoTableViewController.m; sourceTree = "<group>"; };
		1080680C1376D54500FE71BA /* PhotoTableViewController.xib */ = {isa = PBXFileReference; fileEncoding = 4; lastKnownFileType = file.xib; path = PhotoTableViewController.xib; sourceTree = "<group>"; };
		1099E14A13966CA900993A48 /* MGHttpClientManager.m */ = {isa = PBXFileReference; lastKnownFileType = sourcecode.c.objc; name = MGHttpClientManager.m; path = ../../../../../../Users/kinukawa/project/iphone/libMixiGraph/libMixiGraph/lib/Client/MGHttpClientManager.m; sourceTree = "<group>"; };
/* End PBXFileReference section */

/* Begin PBXFrameworksBuildPhase section */
		108067771376D3CE00FE71BA /* Frameworks */ = {
			isa = PBXFrameworksBuildPhase;
			buildActionMask = 2147483647;
			files = (
				1080677F1376D3CE00FE71BA /* UIKit.framework in Frameworks */,
				108067811376D3CE00FE71BA /* Foundation.framework in Frameworks */,
				108067831376D3CE00FE71BA /* CoreGraphics.framework in Frameworks */,
			);
			runOnlyForDeploymentPostprocessing = 0;
		};
/* End PBXFrameworksBuildPhase section */

/* Begin PBXGroup section */
		1080676F1376D3CD00FE71BA = {
			isa = PBXGroup;
			children = (
				1099E14A13966CA900993A48 /* MGHttpClientManager.m */,
				108067AB1376D44700FE71BA /* JSON */,
				108067841376D3CE00FE71BA /* Sample */,
				1080677D1376D3CE00FE71BA /* Frameworks */,
				1080677B1376D3CE00FE71BA /* Products */,
			);
			sourceTree = "<group>";
		};
		1080677B1376D3CE00FE71BA /* Products */ = {
			isa = PBXGroup;
			children = (
				1080677A1376D3CE00FE71BA /* Sample.app */,
			);
			name = Products;
			sourceTree = "<group>";
		};
		1080677D1376D3CE00FE71BA /* Frameworks */ = {
			isa = PBXGroup;
			children = (
				1080677E1376D3CE00FE71BA /* UIKit.framework */,
				108067801376D3CE00FE71BA /* Foundation.framework */,
				108067821376D3CE00FE71BA /* CoreGraphics.framework */,
			);
			name = Frameworks;
			sourceTree = "<group>";
		};
		108067841376D3CE00FE71BA /* Sample */ = {
			isa = PBXGroup;
			children = (
				108067FF1376D4B500FE71BA /* Photo */,
				108067FE1376D4AB00FE71BA /* Voice */,
				108067FD1376D49A00FE71BA /* OAuthLogin */,
				1080678D1376D3CE00FE71BA /* SampleAppDelegate.h */,
				1080678E1376D3CE00FE71BA /* SampleAppDelegate.m */,
				108067901376D3CE00FE71BA /* MainWindow.xib */,
				108067851376D3CE00FE71BA /* Supporting Files */,
			);
			path = Sample;
			sourceTree = "<group>";
		};
		108067851376D3CE00FE71BA /* Supporting Files */ = {
			isa = PBXGroup;
			children = (
				108067861376D3CE00FE71BA /* Sample-Info.plist */,
				108067871376D3CE00FE71BA /* InfoPlist.strings */,
				1080678A1376D3CE00FE71BA /* Sample-Prefix.pch */,
				1080678B1376D3CE00FE71BA /* main.m */,
			);
			name = "Supporting Files";
			sourceTree = "<group>";
		};
		108067AB1376D44700FE71BA /* JSON */ = {
			isa = PBXGroup;
			children = (
				108067AC1376D44700FE71BA /* JSON.h */,
				108067AD1376D44700FE71BA /* NSObject+SBJSON.h */,
				108067AE1376D44700FE71BA /* NSObject+SBJSON.m */,
				108067AF1376D44700FE71BA /* NSString+SBJSON.h */,
				108067B01376D44700FE71BA /* NSString+SBJSON.m */,
				108067B11376D44700FE71BA /* SBJsonBase.h */,
				108067B21376D44700FE71BA /* SBJsonBase.m */,
				108067B31376D44700FE71BA /* SBJsonParser.h */,
				108067B41376D44700FE71BA /* SBJsonParser.m */,
				108067B51376D44700FE71BA /* SBJsonWriter.h */,
				108067B61376D44700FE71BA /* SBJsonWriter.m */,
			);
			name = JSON;
			path = ../libMixiGraph/JSON;
			sourceTree = "<group>";
		};
		108067FD1376D49A00FE71BA /* OAuthLogin */ = {
			isa = PBXGroup;
			children = (
				108068001376D4DD00FE71BA /* OAuthLoginViewController.h */,
				108068011376D4DD00FE71BA /* OAuthLoginViewController.m */,
				108068021376D4DD00FE71BA /* OAuthLoginViewController.xib */,
			);
			name = OAuthLogin;
			sourceTree = "<group>";
		};
		108067FE1376D4AB00FE71BA /* Voice */ = {
			isa = PBXGroup;
			children = (
				108068051376D51000FE71BA /* VoiceTableViewController.h */,
				108068061376D51000FE71BA /* VoiceTableViewController.m */,
				108068071376D51000FE71BA /* VoiceTableViewController.xib */,
			);
			name = Voice;
			sourceTree = "<group>";
		};
		108067FF1376D4B500FE71BA /* Photo */ = {
			isa = PBXGroup;
			children = (
				1080680A1376D54500FE71BA /* PhotoTableViewController.h */,
				1080680B1376D54500FE71BA /* PhotoTableViewController.m */,
				1080680C1376D54500FE71BA /* PhotoTableViewController.xib */,
			);
			name = Photo;
			sourceTree = "<group>";
		};
/* End PBXGroup section */

/* Begin PBXNativeTarget section */
		108067791376D3CE00FE71BA /* Sample */ = {
			isa = PBXNativeTarget;
			buildConfigurationList = 108067A11376D3CE00FE71BA /* Build configuration list for PBXNativeTarget "Sample" */;
			buildPhases = (
				108067761376D3CE00FE71BA /* Sources */,
				108067771376D3CE00FE71BA /* Frameworks */,
				108067781376D3CE00FE71BA /* Resources */,
			);
			buildRules = (
			);
			dependencies = (
			);
			name = Sample;
			productName = Sample;
			productReference = 1080677A1376D3CE00FE71BA /* Sample.app */;
			productType = "com.apple.product-type.application";
		};
/* End PBXNativeTarget section */

/* Begin PBXProject section */
		108067711376D3CD00FE71BA /* Project object */ = {
			isa = PBXProject;
			buildConfigurationList = 108067741376D3CD00FE71BA /* Build configuration list for PBXProject "Sample" */;
			compatibilityVersion = "Xcode 3.2";
			developmentRegion = English;
			hasScannedForEncodings = 0;
			knownRegions = (
				en,
			);
			mainGroup = 1080676F1376D3CD00FE71BA;
			productRefGroup = 1080677B1376D3CE00FE71BA /* Products */;
			projectDirPath = "";
			projectRoot = "";
			targets = (
				108067791376D3CE00FE71BA /* Sample */,
			);
		};
/* End PBXProject section */

/* Begin PBXResourcesBuildPhase section */
		108067781376D3CE00FE71BA /* Resources */ = {
			isa = PBXResourcesBuildPhase;
			buildActionMask = 2147483647;
			files = (
				108067891376D3CE00FE71BA /* InfoPlist.strings in Resources */,
				108067921376D3CE00FE71BA /* MainWindow.xib in Resources */,
				108068041376D4DD00FE71BA /* OAuthLoginViewController.xib in Resources */,
				108068091376D51000FE71BA /* VoiceTableViewController.xib in Resources */,
				1080680E1376D54500FE71BA /* PhotoTableViewController.xib in Resources */,
			);
			runOnlyForDeploymentPostprocessing = 0;
		};
/* End PBXResourcesBuildPhase section */

/* Begin PBXSourcesBuildPhase section */
		108067761376D3CE00FE71BA /* Sources */ = {
			isa = PBXSourcesBuildPhase;
			buildActionMask = 2147483647;
			files = (
				1080678C1376D3CE00FE71BA /* main.m in Sources */,
				1080678F1376D3CE00FE71BA /* SampleAppDelegate.m in Sources */,
				108067E41376D44700FE71BA /* NSObject+SBJSON.m in Sources */,
				108067E51376D44700FE71BA /* NSString+SBJSON.m in Sources */,
				108067E61376D44700FE71BA /* SBJsonBase.m in Sources */,
				108067E71376D44700FE71BA /* SBJsonParser.m in Sources */,
				108067E81376D44700FE71BA /* SBJsonWriter.m in Sources */,
				108068031376D4DD00FE71BA /* OAuthLoginViewController.m in Sources */,
				108068081376D51000FE71BA /* VoiceTableViewController.m in Sources */,
				1080680D1376D54500FE71BA /* PhotoTableViewController.m in Sources */,
			);
			runOnlyForDeploymentPostprocessing = 0;
		};
/* End PBXSourcesBuildPhase section */

/* Begin PBXVariantGroup section */
		108067871376D3CE00FE71BA /* InfoPlist.strings */ = {
			isa = PBXVariantGroup;
			children = (
				108067881376D3CE00FE71BA /* en */,
			);
			name = InfoPlist.strings;
			sourceTree = "<group>";
		};
		108067901376D3CE00FE71BA /* MainWindow.xib */ = {
			isa = PBXVariantGroup;
			children = (
				108067911376D3CE00FE71BA /* en */,
			);
			name = MainWindow.xib;
			sourceTree = "<group>";
		};
/* End PBXVariantGroup section */

/* Begin XCBuildConfiguration section */
		1080679F1376D3CE00FE71BA /* Debug */ = {
			isa = XCBuildConfiguration;
			buildSettings = {
				ARCHS = "$(ARCHS_STANDARD_32_BIT)";
				"CODE_SIGN_IDENTITY[sdk=iphoneos*]" = "iPhone Developer";
				GCC_C_LANGUAGE_STANDARD = gnu99;
				GCC_OPTIMIZATION_LEVEL = 0;
				GCC_PREPROCESSOR_DEFINITIONS = DEBUG;
				GCC_SYMBOLS_PRIVATE_EXTERN = NO;
				GCC_VERSION = com.apple.compilers.llvmgcc42;
				GCC_WARN_ABOUT_RETURN_TYPE = YES;
				GCC_WARN_UNUSED_VARIABLE = YES;
				IPHONEOS_DEPLOYMENT_TARGET = 4.3;
				SDKROOT = iphoneos;
			};
			name = Debug;
		};
		108067A01376D3CE00FE71BA /* Release */ = {
			isa = XCBuildConfiguration;
			buildSettings = {
				ARCHS = "$(ARCHS_STANDARD_32_BIT)";
				"CODE_SIGN_IDENTITY[sdk=iphoneos*]" = "iPhone Developer";
				GCC_C_LANGUAGE_STANDARD = gnu99;
				GCC_VERSION = com.apple.compilers.llvmgcc42;
				GCC_WARN_ABOUT_RETURN_TYPE = YES;
				GCC_WARN_UNUSED_VARIABLE = YES;
				IPHONEOS_DEPLOYMENT_TARGET = 4.3;
				OTHER_CFLAGS = "-DNS_BLOCK_ASSERTIONS=1";
				SDKROOT = iphoneos;
			};
			name = Release;
		};
		108067A21376D3CE00FE71BA /* Debug */ = {
			isa = XCBuildConfiguration;
			buildSettings = {
				ALWAYS_SEARCH_USER_PATHS = NO;
				COPY_PHASE_STRIP = NO;
				GCC_DYNAMIC_NO_PIC = NO;
				GCC_PRECOMPILE_PREFIX_HEADER = YES;
				GCC_PREFIX_HEADER = "Sample/Sample-Prefix.pch";
				INFOPLIST_FILE = "Sample/Sample-Info.plist";
				PRODUCT_NAME = "$(TARGET_NAME)";
				WRAPPER_EXTENSION = app;
			};
			name = Debug;
		};
		108067A31376D3CE00FE71BA /* Release */ = {
			isa = XCBuildConfiguration;
			buildSettings = {
				ALWAYS_SEARCH_USER_PATHS = NO;
				COPY_PHASE_STRIP = YES;
				GCC_PRECOMPILE_PREFIX_HEADER = YES;
				GCC_PREFIX_HEADER = "Sample/Sample-Prefix.pch";
				INFOPLIST_FILE = "Sample/Sample-Info.plist";
				PRODUCT_NAME = "$(TARGET_NAME)";
				VALIDATE_PRODUCT = YES;
				WRAPPER_EXTENSION = app;
			};
			name = Release;
		};
/* End XCBuildConfiguration section */

/* Begin XCConfigurationList section */
		108067741376D3CD00FE71BA /* Build configuration list for PBXProject "Sample" */ = {
			isa = XCConfigurationList;
			buildConfigurations = (
				1080679F1376D3CE00FE71BA /* Debug */,
				108067A01376D3CE00FE71BA /* Release */,
			);
			defaultConfigurationIsVisible = 0;
			defaultConfigurationName = Release;
		};
		108067A11376D3CE00FE71BA /* Build configuration list for PBXNativeTarget "Sample" */ = {
			isa = XCConfigurationList;
			buildConfigurations = (
				108067A21376D3CE00FE71BA /* Debug */,
				108067A31376D3CE00FE71BA /* Release */,
			);
			defaultConfigurationIsVisible = 0;
			defaultConfigurationName = Release;
		};
/* End XCConfigurationList section */
	};
	rootObject = 108067711376D3CD00FE71BA /* Project object */;
}
